1, 44
0, 18
8, 31
8, 30
3, 30
7, 18
8, 20
4, 31
1, 30
0, 30
10, 30
3, 13
9, 18
2, 2
4, 19
10, 30
10, 31
9, 31
8, 44
8, 48
10, 18
3, 30
5, 15
1, 31
3, 31
2, 19
8, 18
3, 36
1, 18
11, 31
5, 31
9, 30
7, 31
9, 30
9, 1
11, 49
3, 31
1, 49
2, 0
3, 17
3, 23
9, 18
10, 16
8, 41
10, 16
8, 2
1, 31
2, 30
10, 42
11, 18
3, 2
6, 31
5, 31
6, 30
9, 31
1, 42
11, 43
11, 31
2, 31
0, 31
11, 30
10, 33
11, 44
2, 15
6, 30
0, 47
1, 35
0, 20
9, 48
1, 45
8, 1
10, 37
11, 28
7, 42
1, 29
1, 38
11, 48
3, 18
