3, 20
0, 18
5, 31
5, 30
3, 30
6, 30
11, 44
10, 31
8, 30
0, 30
11, 18
9, 46
10, 12
6, 29
9, 31
1, 22
1, 31
2, 31
5, 15
5, 48
1, 18
9, 31
7, 17
3, 30
10, 30
8, 18
5, 18
9, 21
3, 18
2, 18
10, 18
11, 30
6, 31
11, 30
11, 36
11, 48
9, 31
11, 48
3, 34
3, 22
4, 35
2, 30
9, 38
1, 48
8, 49
5, 42
3, 31
7, 30
3, 49
2, 30
9, 30
8, 31
7, 31
8, 18
2, 31
10, 6
2, 22
4, 31
0, 31
11, 31
1, 30
2, 18
11, 49
4, 18
4, 30
0, 9
10, 36
0, 20
2, 15
8, 43
5, 19
1, 31
3, 6
6, 41
8, 17
8, 12
11, 47
1, 20
